
Microsoft Visual Studio Solution File, Format Version 12.00
# Visual Studio 15
Project("{FAE04EC0-301F-11D3-BF4B-00C04F79EFBC}") = "SHEDDING", "Assembly-CSharp.csproj", "{951CB17D-ED05-C5AB-31F1-FD2E18E45BBC}"
EndProject
Global
	GlobalSection(SolutionConfigurationPlatforms) = preSolution
		Debug|Any CPU = Debug|Any CPU
		Release|Any CPU = Release|Any CPU
	EndGlobalSection
	GlobalSection(ProjectConfigurationPlatforms) = postSolution
		{951CB17D-ED05-C5AB-31F1-FD2E18E45BBC}.Debug|Any CPU.ActiveCfg = Debug|Any CPU
		{951CB17D-ED05-C5AB-31F1-FD2E18E45BBC}.Debug|Any CPU.Build.0 = Debug|Any CPU
		{951CB17D-ED05-C5AB-31F1-FD2E18E45BBC}.Release|Any CPU.ActiveCfg = Release|Any CPU
		{951CB17D-ED05-C5AB-31F1-FD2E18E45BBC}.Release|Any CPU.Build.0 = Release|Any CPU
	EndGlobalSection
	GlobalSection(SolutionProperties) = preSolution
		HideSolutionNode = FALSE
	EndGlobalSection
EndGlobal
